
Microsoft Visual Studio Solution File, Format Version 12.00
# Visual Studio Version 16
VisualStudioVersion = 16.0.32901.82
MinimumVisualStudioVersion = 10.0.40219.1
Project("{FAE04EC0-301F-11D3-BF4B-00C04F79EFBC}") = "for GitHub", "for GitHub\for GitHub.csproj", "{B76E3B32-B17B-482A-91C1-E75C672FC501}"
EndProject
Global
	GlobalSection(SolutionConfigurationPlatforms) = preSolution
		Debug|Any CPU = Debug|Any CPU
		Release|Any CPU = Release|Any CPU
	EndGlobalSection
	GlobalSection(ProjectConfigurationPlatforms) = postSolution
		{B76E3B32-B17B-482A-91C1-E75C672FC501}.Debug|Any CPU.ActiveCfg = Debug|Any CPU
		{B76E3B32-B17B-482A-91C1-E75C672FC501}.Debug|Any CPU.Build.0 = Debug|Any CPU
		{B76E3B32-B17B-482A-91C1-E75C672FC501}.Release|Any CPU.ActiveCfg = Release|Any CPU
		{B76E3B32-B17B-482A-91C1-E75C672FC501}.Release|Any CPU.Build.0 = Release|Any CPU
	EndGlobalSection
	GlobalSection(SolutionProperties) = preSolution
		HideSolutionNode = FALSE
	EndGlobalSection
	GlobalSection(ExtensibilityGlobals) = postSolution
		SolutionGuid = {1F00B50B-5D36-465C-A5B1-AA08EE7A552F}
	EndGlobalSection
EndGlobal
